
Microsoft Visual Studio Solution File, Format Version 12.00
# Visual Studio Version 16
VisualStudioVersion = 16.0.29613.14
MinimumVisualStudioVersion = 10.0.40219.1
Project("{FAE04EC0-301F-11D3-BF4B-00C04F79EFBC}") = "Requester", "Requester.csproj", "{FFFBA85A-2CB4-41C1-8668-8E77E1A20319}"
EndProject
Global
	GlobalSection(SolutionConfigurationPlatforms) = preSolution
		Debug|Any CPU = Debug|Any CPU
		Release|Any CPU = Release|Any CPU
	EndGlobalSection
	GlobalSection(ProjectConfigurationPlatforms) = postSolution
		{FFFBA85A-2CB4-41C1-8668-8E77E1A20319}.Debug|Any CPU.ActiveCfg = Debug|Any CPU
		{FFFBA85A-2CB4-41C1-8668-8E77E1A20319}.Debug|Any CPU.Build.0 = Debug|Any CPU
		{FFFBA85A-2CB4-41C1-8668-8E77E1A20319}.Release|Any CPU.ActiveCfg = Release|Any CPU
		{FFFBA85A-2CB4-41C1-8668-8E77E1A20319}.Release|Any CPU.Build.0 = Release|Any CPU
	EndGlobalSection
	GlobalSection(SolutionProperties) = preSolution
		HideSolutionNode = FALSE
	EndGlobalSection
	GlobalSection(ExtensibilityGlobals) = postSolution
		SolutionGuid = {B526ED05-925E-45A0-984F-18285447C590}
	EndGlobalSection
EndGlobal
